
Microsoft Visual Studio Solution File, Format Version 12.00
Project("{FAE04EC0-301F-11D3-BF4B-00C04F79EFBC}") = "AdvanceBookShop", "AdvanceBookShop\AdvanceBookShop.csproj", "{730FA85B-28CF-4A4E-8C02-FD2F6783ABB3}"
EndProject
Global
	GlobalSection(SolutionConfigurationPlatforms) = preSolution
		Debug|Any CPU = Debug|Any CPU
		Release|Any CPU = Release|Any CPU
	EndGlobalSection
	GlobalSection(ProjectConfigurationPlatforms) = postSolution
		{730FA85B-28CF-4A4E-8C02-FD2F6783ABB3}.Debug|Any CPU.ActiveCfg = Debug|Any CPU
		{730FA85B-28CF-4A4E-8C02-FD2F6783ABB3}.Debug|Any CPU.Build.0 = Debug|Any CPU
		{730FA85B-28CF-4A4E-8C02-FD2F6783ABB3}.Release|Any CPU.ActiveCfg = Release|Any CPU
		{730FA85B-28CF-4A4E-8C02-FD2F6783ABB3}.Release|Any CPU.Build.0 = Release|Any CPU
	EndGlobalSection
EndGlobal
